
Microsoft Visual Studio Solution File, Format Version 12.00
# Visual Studio 14
VisualStudioVersion = 14.0.25420.1
MinimumVisualStudioVersion = 10.0.40219.1
Project("{FAE04EC0-301F-11D3-BF4B-00C04F79EFBC}") = "XamarinFormsApp.Droid", "XamarinFormsApp\XamarinFormsApp.Droid\XamarinFormsApp.Droid.csproj", "{69ECC034-8340-4CB9-AF81-AE675D19855C}"
EndProject
Project("{FAE04EC0-301F-11D3-BF4B-00C04F79EFBC}") = "XamarinFormsApp.iOS", "XamarinFormsApp\XamarinFormsApp.iOS\XamarinFormsApp.iOS.csproj", "{FCB68E16-A0B4-4E1C-BBFE-48C8311D0899}"
EndProject
Project("{FAE04EC0-301F-11D3-BF4B-00C04F79EFBC}") = "XamarinFormsApp.WinPhone", "XamarinFormsApp\XamarinFormsApp.WinPhone\XamarinFormsApp.WinPhone.csproj", "{880F3ED3-824E-4EE8-8D2E-0FEB2C21095D}"
EndProject
Project("{FAE04EC0-301F-11D3-BF4B-00C04F79EFBC}") = "XamarinFormsApp.UWP", "XamarinFormsApp\XamarinFormsApp.UWP\XamarinFormsApp.UWP.csproj", "{3A4CF024-38E0-4B9E-B021-FC405C8579B6}"
EndProject
Project("{FAE04EC0-301F-11D3-BF4B-00C04F79EFBC}") = "XamarinFormsApp.Windows", "XamarinFormsApp\XamarinFormsApp.Windows\XamarinFormsApp.Windows.csproj", "{1BD7AC3A-74F0-4776-9B20-96ACD2D7D59D}"
EndProject
Project("{FAE04EC0-301F-11D3-BF4B-00C04F79EFBC}") = "XamarinFormsApp", "XamarinFormsApp\XamarinFormsApp\XamarinFormsApp.csproj", "{0E36E9DC-6718-40AC-8A0A-3FB04CC0F18F}"
EndProject
Global
	GlobalSection(SolutionConfigurationPlatforms) = preSolution
		Ad-Hoc|Any CPU = Ad-Hoc|Any CPU
		Ad-Hoc|ARM = Ad-Hoc|ARM
		Ad-Hoc|iPhone = Ad-Hoc|iPhone
		Ad-Hoc|iPhoneSimulator = Ad-Hoc|iPhoneSimulator
		Ad-Hoc|x64 = Ad-Hoc|x64
		Ad-Hoc|x86 = Ad-Hoc|x86
		AppStore|Any CPU = AppStore|Any CPU
		AppStore|ARM = AppStore|ARM
		AppStore|iPhone = AppStore|iPhone
		AppStore|iPhoneSimulator = AppStore|iPhoneSimulator
		AppStore|x64 = AppStore|x64
		AppStore|x86 = AppStore|x86
		Debug|Any CPU = Debug|Any CPU
		Debug|ARM = Debug|ARM
		Debug|iPhone = Debug|iPhone
		Debug|iPhoneSimulator = Debug|iPhoneSimulator
		Debug|x64 = Debug|x64
		Debug|x86 = Debug|x86
		Release|Any CPU = Release|Any CPU
		Release|ARM = Release|ARM
		Release|iPhone = Release|iPhone
		Release|iPhoneSimulator = Release|iPhoneSimulator
		Release|x64 = Release|x64
		Release|x86 = Release|x86
	EndGlobalSection
	GlobalSection(ProjectConfigurationPlatforms) = postSolution
		{69ECC034-8340-4CB9-AF81-AE675D19855C}.Ad-Hoc|Any CPU.ActiveCfg = Release|Any CPU
		{69ECC034-8340-4CB9-AF81-AE675D19855C}.Ad-Hoc|Any CPU.Build.0 = Release|Any CPU
		{69ECC034-8340-4CB9-AF81-AE675D19855C}.Ad-Hoc|Any CPU.Deploy.0 = Release|Any CPU
		{69ECC034-8340-4CB9-AF81-AE675D19855C}.Ad-Hoc|ARM.ActiveCfg = Release|Any CPU
		{69ECC034-8340-4CB9-AF81-AE675D19855C}.Ad-Hoc|ARM.Build.0 = Release|Any CPU
		{69ECC034-8340-4CB9-AF81-AE675D19855C}.Ad-Hoc|ARM.Deploy.0 = Release|Any CPU
		{69ECC034-8340-4CB9-AF81-AE675D19855C}.Ad-Hoc|iPhone.ActiveCfg = Release|Any CPU
		{69ECC034-8340-4CB9-AF81-AE675D19855C}.Ad-Hoc|iPhone.Build.0 = Release|Any CPU
		{69ECC034-8340-4CB9-AF81-AE675D19855C}.Ad-Hoc|iPhone.Deploy.0 = Release|Any CPU
		{69ECC034-8340-4CB9-AF81-AE675D19855C}.Ad-Hoc|iPhoneSimulator.ActiveCfg = Release|Any CPU
		{69ECC034-8340-4CB9-AF81-AE675D19855C}.Ad-Hoc|iPhoneSimulator.Build.0 = Release|Any CPU
		{69ECC034-8340-4CB9-AF81-AE675D19855C}.Ad-Hoc|iPhoneSimulator.Deploy.0 = Release|Any CPU
		{69ECC034-8340-4CB9-AF81-AE675D19855C}.Ad-Hoc|x64.ActiveCfg = Release|Any CPU
		{69ECC034-8340-4CB9-AF81-AE675D19855C}.Ad-Hoc|x64.Build.0 = Release|Any CPU
		{69ECC034-8340-4CB9-AF81-AE675D19855C}.Ad-Hoc|x64.Deploy.0 = Release|Any CPU
		{69ECC034-8340-4CB9-AF81-AE675D19855C}.Ad-Hoc|x86.ActiveCfg = Release|Any CPU
		{69ECC034-8340-4CB9-AF81-AE675D19855C}.Ad-Hoc|x86.Build.0 = Release|Any CPU
		{69ECC034-8340-4CB9-AF81-AE675D19855C}.Ad-Hoc|x86.Deploy.0 = Release|Any CPU
		{69ECC034-8340-4CB9-AF81-AE675D19855C}.AppStore|Any CPU.ActiveCfg = Release|Any CPU
		{69ECC034-8340-4CB9-AF81-AE675D19855C}.AppStore|Any CPU.Build.0 = Release|Any CPU
		{69ECC034-8340-4CB9-AF81-AE675D19855C}.AppStore|Any CPU.Deploy.0 = Release|Any CPU
		{69ECC034-8340-4CB9-AF81-AE675D19855C}.AppStore|ARM.ActiveCfg = Release|Any CPU
		{69ECC034-8340-4CB9-AF81-AE675D19855C}.AppStore|ARM.Build.0 = Release|Any CPU
		{69ECC034-8340-4CB9-AF81-AE675D19855C}.AppStore|ARM.Deploy.0 = Release|Any CPU
		{69ECC034-8340-4CB9-AF81-AE675D19855C}.AppStore|iPhone.ActiveCfg = Release|Any CPU
		{69ECC034-8340-4CB9-AF81-AE675D19855C}.AppStore|iPhone.Build.0 = Release|Any CPU
		{69ECC034-8340-4CB9-AF81-AE675D19855C}.AppStore|iPhone.Deploy.0 = Release|Any CPU
		{69ECC034-8340-4CB9-AF81-AE675D19855C}.AppStore|iPhoneSimulator.ActiveCfg = Release|Any CPU
		{69ECC034-8340-4CB9-AF81-AE675D19855C}.AppStore|iPhoneSimulator.Build.0 = Release|Any CPU
		{69ECC034-8340-4CB9-AF81-AE675D19855C}.AppStore|iPhoneSimulator.Deploy.0 = Release|Any CPU
		{69ECC034-8340-4CB9-AF81-AE675D19855C}.AppStore|x64.ActiveCfg = Release|Any CPU
		{69ECC034-8340-4CB9-AF81-AE675D19855C}.AppStore|x64.Build.0 = Release|Any CPU
		{69ECC034-8340-4CB9-AF81-AE675D19855C}.AppStore|x64.Deploy.0 = Release|Any CPU
		{69ECC034-8340-4CB9-AF81-AE675D19855C}.AppStore|x86.ActiveCfg = Release|Any CPU
		{69ECC034-8340-4CB9-AF81-AE675D19855C}.AppStore|x86.Build.0 = Release|Any CPU
		{69ECC034-8340-4CB9-AF81-AE675D19855C}.AppStore|x86.Deploy.0 = Release|Any CPU
		{69ECC034-8340-4CB9-AF81-AE675D19855C}.Debug|Any CPU.ActiveCfg = Debug|Any CPU
		{69ECC034-8340-4CB9-AF81-AE675D19855C}.Debug|Any CPU.Build.0 = Debug|Any CPU
		{69ECC034-8340-4CB9-AF81-AE675D19855C}.Debug|Any CPU.Deploy.0 = Debug|Any CPU
		{69ECC034-8340-4CB9-AF81-AE675D19855C}.Debug|ARM.ActiveCfg = Debug|Any CPU
		{69ECC034-8340-4CB9-AF81-AE675D19855C}.Debug|ARM.Build.0 = Debug|Any CPU
		{69ECC034-8340-4CB9-AF81-AE675D19855C}.Debug|ARM.Deploy.0 = Debug|Any CPU
		{69ECC034-8340-4CB9-AF81-AE675D19855C}.Debug|iPhone.ActiveCfg = Debug|Any CPU
		{69ECC034-8340-4CB9-AF81-AE675D19855C}.Debug|iPhone.Build.0 = Debug|Any CPU
		{69ECC034-8340-4CB9-AF81-AE675D19855C}.Debug|iPhone.Deploy.0 = Debug|Any CPU
		{69ECC034-8340-4CB9-AF81-AE675D19855C}.Debug|iPhoneSimulator.ActiveCfg = Debug|Any CPU
		{69ECC034-8340-4CB9-AF81-AE675D19855C}.Debug|iPhoneSimulator.Build.0 = Debug|Any CPU
		{69ECC034-8340-4CB9-AF81-AE675D19855C}.Debug|iPhoneSimulator.Deploy.0 = Debug|Any CPU
		{69ECC034-8340-4CB9-AF81-AE675D19855C}.Debug|x64.ActiveCfg = Debug|Any CPU
		{69ECC034-8340-4CB9-AF81-AE675D19855C}.Debug|x64.Build.0 = Debug|Any CPU
		{69ECC034-8340-4CB9-AF81-AE675D19855C}.Debug|x64.Deploy.0 = Debug|Any CPU
		{69ECC034-8340-4CB9-AF81-AE675D19855C}.Debug|x86.ActiveCfg = Debug|Any CPU
		{69ECC034-8340-4CB9-AF81-AE675D19855C}.Debug|x86.Build.0 = Debug|Any CPU
		{69ECC034-8340-4CB9-AF81-AE675D19855C}.Debug|x86.Deploy.0 = Debug|Any CPU
		{69ECC034-8340-4CB9-AF81-AE675D19855C}.Release|Any CPU.ActiveCfg = Release|Any CPU
		{69ECC034-8340-4CB9-AF81-AE675D19855C}.Release|Any CPU.Build.0 = Release|Any CPU
		{69ECC034-8340-4CB9-AF81-AE675D19855C}.Release|Any CPU.Deploy.0 = Release|Any CPU
		{69ECC034-8340-4CB9-AF81-AE675D19855C}.Release|ARM.ActiveCfg = Release|Any CPU
		{69ECC034-8340-4CB9-AF81-AE675D19855C}.Release|ARM.Build.0 = Release|Any CPU
		{69ECC034-8340-4CB9-AF81-AE675D19855C}.Release|ARM.Deploy.0 = Release|Any CPU
		{69ECC034-8340-4CB9-AF81-AE675D19855C}.Release|iPhone.ActiveCfg = Release|Any CPU
		{69ECC034-8340-4CB9-AF81-AE675D19855C}.Release|iPhone.Build.0 = Release|Any CPU
		{69ECC034-8340-4CB9-AF81-AE675D19855C}.Release|iPhone.Deploy.0 = Release|Any CPU
		{69ECC034-8340-4CB9-AF81-AE675D19855C}.Release|iPhoneSimulator.ActiveCfg = Release|Any CPU
		{69ECC034-8340-4CB9-AF81-AE675D19855C}.Release|iPhoneSimulator.Build.0 = Release|Any CPU
		{69ECC034-8340-4CB9-AF81-AE675D19855C}.Release|iPhoneSimulator.Deploy.0 = Release|Any CPU
		{69ECC034-8340-4CB9-AF81-AE675D19855C}.Release|x64.ActiveCfg = Release|Any CPU
		{69ECC034-8340-4CB9-AF81-AE675D19855C}.Release|x64.Build.0 = Release|Any CPU
		{69ECC034-8340-4CB9-AF81-AE675D19855C}.Release|x64.Deploy.0 = Release|Any CPU
		{69ECC034-8340-4CB9-AF81-AE675D19855C}.Release|x86.ActiveCfg = Release|Any CPU
		{69ECC034-8340-4CB9-AF81-AE675D19855C}.Release|x86.Build.0 = Release|Any CPU
		{69ECC034-8340-4CB9-AF81-AE675D19855C}.Release|x86.Deploy.0 = Release|Any CPU
		{FCB68E16-A0B4-4E1C-BBFE-48C8311D0899}.Ad-Hoc|Any CPU.ActiveCfg = Ad-Hoc|iPhone
		{FCB68E16-A0B4-4E1C-BBFE-48C8311D0899}.Ad-Hoc|ARM.ActiveCfg = Ad-Hoc|iPhone
		{FCB68E16-A0B4-4E1C-BBFE-48C8311D0899}.Ad-Hoc|iPhone.ActiveCfg = Ad-Hoc|iPhone
		{FCB68E16-A0B4-4E1C-BBFE-48C8311D0899}.Ad-Hoc|iPhone.Build.0 = Ad-Hoc|iPhone
		{FCB68E16-A0B4-4E1C-BBFE-48C8311D0899}.Ad-Hoc|iPhoneSimulator.ActiveCfg = Ad-Hoc|iPhoneSimulator
		{FCB68E16-A0B4-4E1C-BBFE-48C8311D0899}.Ad-Hoc|iPhoneSimulator.Build.0 = Ad-Hoc|iPhoneSimulator
		{FCB68E16-A0B4-4E1C-BBFE-48C8311D0899}.Ad-Hoc|x64.ActiveCfg = Ad-Hoc|iPhone
		{FCB68E16-A0B4-4E1C-BBFE-48C8311D0899}.Ad-Hoc|x86.ActiveCfg = Ad-Hoc|iPhone
		{FCB68E16-A0B4-4E1C-BBFE-48C8311D0899}.AppStore|Any CPU.ActiveCfg = AppStore|iPhone
		{FCB68E16-A0B4-4E1C-BBFE-48C8311D0899}.AppStore|ARM.ActiveCfg = AppStore|iPhone
		{FCB68E16-A0B4-4E1C-BBFE-48C8311D0899}.AppStore|iPhone.ActiveCfg = AppStore|iPhone
		{FCB68E16-A0B4-4E1C-BBFE-48C8311D0899}.AppStore|iPhone.Build.0 = AppStore|iPhone
		{FCB68E16-A0B4-4E1C-BBFE-48C8311D0899}.AppStore|iPhoneSimulator.ActiveCfg = AppStore|iPhoneSimulator
		{FCB68E16-A0B4-4E1C-BBFE-48C8311D0899}.AppStore|iPhoneSimulator.Build.0 = AppStore|iPhoneSimulator
		{FCB68E16-A0B4-4E1C-BBFE-48C8311D0899}.AppStore|x64.ActiveCfg = AppStore|iPhone
		{FCB68E16-A0B4-4E1C-BBFE-48C8311D0899}.AppStore|x86.ActiveCfg = AppStore|iPhone
		{FCB68E16-A0B4-4E1C-BBFE-48C8311D0899}.Debug|Any CPU.ActiveCfg = Debug|iPhone
		{FCB68E16-A0B4-4E1C-BBFE-48C8311D0899}.Debug|ARM.ActiveCfg = Debug|iPhone
		{FCB68E16-A0B4-4E1C-BBFE-48C8311D0899}.Debug|iPhone.ActiveCfg = Debug|iPhone
		{FCB68E16-A0B4-4E1C-BBFE-48C8311D0899}.Debug|iPhone.Build.0 = Debug|iPhone
		{FCB68E16-A0B4-4E1C-BBFE-48C8311D0899}.Debug|iPhoneSimulator.ActiveCfg = Debug|iPhoneSimulator
		{FCB68E16-A0B4-4E1C-BBFE-48C8311D0899}.Debug|iPhoneSimulator.Build.0 = Debug|iPhoneSimulator
		{FCB68E16-A0B4-4E1C-BBFE-48C8311D0899}.Debug|x64.ActiveCfg = Debug|iPhone
		{FCB68E16-A0B4-4E1C-BBFE-48C8311D0899}.Debug|x86.ActiveCfg = Debug|iPhone
		{FCB68E16-A0B4-4E1C-BBFE-48C8311D0899}.Release|Any CPU.ActiveCfg = Release|iPhone
		{FCB68E16-A0B4-4E1C-BBFE-48C8311D0899}.Release|ARM.ActiveCfg = Release|iPhone
		{FCB68E16-A0B4-4E1C-BBFE-48C8311D0899}.Release|iPhone.ActiveCfg = Release|iPhone
		{FCB68E16-A0B4-4E1C-BBFE-48C8311D0899}.Release|iPhone.Build.0 = Release|iPhone
		{FCB68E16-A0B4-4E1C-BBFE-48C8311D0899}.Release|iPhoneSimulator.ActiveCfg = Release|iPhoneSimulator
		{FCB68E16-A0B4-4E1C-BBFE-48C8311D0899}.Release|iPhoneSimulator.Build.0 = Release|iPhoneSimulator
		{FCB68E16-A0B4-4E1C-BBFE-48C8311D0899}.Release|x64.ActiveCfg = Release|iPhone
		{FCB68E16-A0B4-4E1C-BBFE-48C8311D0899}.Release|x86.ActiveCfg = Release|iPhone
		{880F3ED3-824E-4EE8-8D2E-0FEB2C21095D}.Ad-Hoc|Any CPU.ActiveCfg = Release|Any CPU
		{880F3ED3-824E-4EE8-8D2E-0FEB2C21095D}.Ad-Hoc|Any CPU.Build.0 = Release|Any CPU
		{880F3ED3-824E-4EE8-8D2E-0FEB2C21095D}.Ad-Hoc|Any CPU.Deploy.0 = Release|Any CPU
		{880F3ED3-824E-4EE8-8D2E-0FEB2C21095D}.Ad-Hoc|ARM.ActiveCfg = Release|ARM
		{880F3ED3-824E-4EE8-8D2E-0FEB2C21095D}.Ad-Hoc|ARM.Build.0 = Release|ARM
		{880F3ED3-824E-4EE8-8D2E-0FEB2C21095D}.Ad-Hoc|ARM.Deploy.0 = Release|ARM
		{880F3ED3-824E-4EE8-8D2E-0FEB2C21095D}.Ad-Hoc|iPhone.ActiveCfg = Release|Any CPU
		{880F3ED3-824E-4EE8-8D2E-0FEB2C21095D}.Ad-Hoc|iPhone.Build.0 = Release|Any CPU
		{880F3ED3-824E-4EE8-8D2E-0FEB2C21095D}.Ad-Hoc|iPhone.Deploy.0 = Release|Any CPU
		{880F3ED3-824E-4EE8-8D2E-0FEB2C21095D}.Ad-Hoc|iPhoneSimulator.ActiveCfg = Release|Any CPU
		{880F3ED3-824E-4EE8-8D2E-0FEB2C21095D}.Ad-Hoc|iPhoneSimulator.Build.0 = Release|Any CPU
		{880F3ED3-824E-4EE8-8D2E-0FEB2C21095D}.Ad-Hoc|iPhoneSimulator.Deploy.0 = Release|Any CPU
		{880F3ED3-824E-4EE8-8D2E-0FEB2C21095D}.Ad-Hoc|x64.ActiveCfg = Release|Any CPU
		{880F3ED3-824E-4EE8-8D2E-0FEB2C21095D}.Ad-Hoc|x64.Build.0 = Release|Any CPU
		{880F3ED3-824E-4EE8-8D2E-0FEB2C21095D}.Ad-Hoc|x64.Deploy.0 = Release|Any CPU
		{880F3ED3-824E-4EE8-8D2E-0FEB2C21095D}.Ad-Hoc|x86.ActiveCfg = Release|x86
		{880F3ED3-824E-4EE8-8D2E-0FEB2C21095D}.Ad-Hoc|x86.Build.0 = Release|x86
		{880F3ED3-824E-4EE8-8D2E-0FEB2C21095D}.Ad-Hoc|x86.Deploy.0 = Release|x86
		{880F3ED3-824E-4EE8-8D2E-0FEB2C21095D}.AppStore|Any CPU.ActiveCfg = Release|Any CPU
		{880F3ED3-824E-4EE8-8D2E-0FEB2C21095D}.AppStore|Any CPU.Build.0 = Release|Any CPU
		{880F3ED3-824E-4EE8-8D2E-0FEB2C21095D}.AppStore|Any CPU.Deploy.0 = Release|Any CPU
		{880F3ED3-824E-4EE8-8D2E-0FEB2C21095D}.AppStore|ARM.ActiveCfg = Release|ARM
		{880F3ED3-824E-4EE8-8D2E-0FEB2C21095D}.AppStore|ARM.Build.0 = Release|ARM
		{880F3ED3-824E-4EE8-8D2E-0FEB2C21095D}.AppStore|ARM.Deploy.0 = Release|ARM
		{880F3ED3-824E-4EE8-8D2E-0FEB2C21095D}.AppStore|iPhone.ActiveCfg = Release|Any CPU
		{880F3ED3-824E-4EE8-8D2E-0FEB2C21095D}.AppStore|iPhone.Build.0 = Release|Any CPU
		{880F3ED3-824E-4EE8-8D2E-0FEB2C21095D}.AppStore|iPhone.Deploy.0 = Release|Any CPU
		{880F3ED3-824E-4EE8-8D2E-0FEB2C21095D}.AppStore|iPhoneSimulator.ActiveCfg = Release|Any CPU
		{880F3ED3-824E-4EE8-8D2E-0FEB2C21095D}.AppStore|iPhoneSimulator.Build.0 = Release|Any CPU
		{880F3ED3-824E-4EE8-8D2E-0FEB2C21095D}.AppStore|iPhoneSimulator.Deploy.0 = Release|Any CPU
		{880F3ED3-824E-4EE8-8D2E-0FEB2C21095D}.AppStore|x64.ActiveCfg = Release|Any CPU
		{880F3ED3-824E-4EE8-8D2E-0FEB2C21095D}.AppStore|x64.Build.0 = Release|Any CPU
		{880F3ED3-824E-4EE8-8D2E-0FEB2C21095D}.AppStore|x64.Deploy.0 = Release|Any CPU
		{880F3ED3-824E-4EE8-8D2E-0FEB2C21095D}.AppStore|x86.ActiveCfg = Release|x86
		{880F3ED3-824E-4EE8-8D2E-0FEB2C21095D}.AppStore|x86.Build.0 = Release|x86
		{880F3ED3-824E-4EE8-8D2E-0FEB2C21095D}.AppStore|x86.Deploy.0 = Release|x86
		{880F3ED3-824E-4EE8-8D2E-0FEB2C21095D}.Debug|Any CPU.ActiveCfg = Debug|Any CPU
		{880F3ED3-824E-4EE8-8D2E-0FEB2C21095D}.Debug|Any CPU.Build.0 = Debug|Any CPU
		{880F3ED3-824E-4EE8-8D2E-0FEB2C21095D}.Debug|Any CPU.Deploy.0 = Debug|Any CPU
		{880F3ED3-824E-4EE8-8D2E-0FEB2C21095D}.Debug|ARM.ActiveCfg = Debug|ARM
		{880F3ED3-824E-4EE8-8D2E-0FEB2C21095D}.Debug|ARM.Build.0 = Debug|ARM
		{880F3ED3-824E-4EE8-8D2E-0FEB2C21095D}.Debug|ARM.Deploy.0 = Debug|ARM
		{880F3ED3-824E-4EE8-8D2E-0FEB2C21095D}.Debug|iPhone.ActiveCfg = Debug|Any CPU
		{880F3ED3-824E-4EE8-8D2E-0FEB2C21095D}.Debug|iPhone.Build.0 = Debug|Any CPU
		{880F3ED3-824E-4EE8-8D2E-0FEB2C21095D}.Debug|iPhone.Deploy.0 = Debug|Any CPU
		{880F3ED3-824E-4EE8-8D2E-0FEB2C21095D}.Debug|iPhoneSimulator.ActiveCfg = Debug|Any CPU
		{880F3ED3-824E-4EE8-8D2E-0FEB2C21095D}.Debug|iPhoneSimulator.Build.0 = Debug|Any CPU
		{880F3ED3-824E-4EE8-8D2E-0FEB2C21095D}.Debug|iPhoneSimulator.Deploy.0 = Debug|Any CPU
		{880F3ED3-824E-4EE8-8D2E-0FEB2C21095D}.Debug|x64.ActiveCfg = Debug|Any CPU
		{880F3ED3-824E-4EE8-8D2E-0FEB2C21095D}.Debug|x64.Build.0 = Debug|Any CPU
		{880F3ED3-824E-4EE8-8D2E-0FEB2C21095D}.Debug|x64.Deploy.0 = Debug|Any CPU
		{880F3ED3-824E-4EE8-8D2E-0FEB2C21095D}.Debug|x86.ActiveCfg = Debug|x86
		{880F3ED3-824E-4EE8-8D2E-0FEB2C21095D}.Debug|x86.Build.0 = Debug|x86
		{880F3ED3-824E-4EE8-8D2E-0FEB2C21095D}.Debug|x86.Deploy.0 = Debug|x86
		{880F3ED3-824E-4EE8-8D2E-0FEB2C21095D}.Release|Any CPU.ActiveCfg = Release|Any CPU
		{880F3ED3-824E-4EE8-8D2E-0FEB2C21095D}.Release|Any CPU.Build.0 = Release|Any CPU
		{880F3ED3-824E-4EE8-8D2E-0FEB2C21095D}.Release|Any CPU.Deploy.0 = Release|Any CPU
		{880F3ED3-824E-4EE8-8D2E-0FEB2C21095D}.Release|ARM.ActiveCfg = Release|ARM
		{880F3ED3-824E-4EE8-8D2E-0FEB2C21095D}.Release|ARM.Build.0 = Release|ARM
		{880F3ED3-824E-4EE8-8D2E-0FEB2C21095D}.Release|ARM.Deploy.0 = Release|ARM
		{880F3ED3-824E-4EE8-8D2E-0FEB2C21095D}.Release|iPhone.ActiveCfg = Release|Any CPU
		{880F3ED3-824E-4EE8-8D2E-0FEB2C21095D}.Release|iPhone.Build.0 = Release|Any CPU
		{880F3ED3-824E-4EE8-8D2E-0FEB2C21095D}.Release|iPhone.Deploy.0 = Release|Any CPU
		{880F3ED3-824E-4EE8-8D2E-0FEB2C21095D}.Release|iPhoneSimulator.ActiveCfg = Release|Any CPU
		{880F3ED3-824E-4EE8-8D2E-0FEB2C21095D}.Release|iPhoneSimulator.Build.0 = Release|Any CPU
		{880F3ED3-824E-4EE8-8D2E-0FEB2C21095D}.Release|iPhoneSimulator.Deploy.0 = Release|Any CPU
		{880F3ED3-824E-4EE8-8D2E-0FEB2C21095D}.Release|x64.ActiveCfg = Release|Any CPU
		{880F3ED3-824E-4EE8-8D2E-0FEB2C21095D}.Release|x64.Build.0 = Release|Any CPU
		{880F3ED3-824E-4EE8-8D2E-0FEB2C21095D}.Release|x64.Deploy.0 = Release|Any CPU
		{880F3ED3-824E-4EE8-8D2E-0FEB2C21095D}.Release|x86.ActiveCfg = Release|x86
		{880F3ED3-824E-4EE8-8D2E-0FEB2C21095D}.Release|x86.Build.0 = Release|x86
		{880F3ED3-824E-4EE8-8D2E-0FEB2C21095D}.Release|x86.Deploy.0 = Release|x86
		{3A4CF024-38E0-4B9E-B021-FC405C8579B6}.Ad-Hoc|Any CPU.ActiveCfg = Release|x86
		{3A4CF024-38E0-4B9E-B021-FC405C8579B6}.Ad-Hoc|Any CPU.Build.0 = Release|x86
		{3A4CF024-38E0-4B9E-B021-FC405C8579B6}.Ad-Hoc|Any CPU.Deploy.0 = Release|x86
		{3A4CF024-38E0-4B9E-B021-FC405C8579B6}.Ad-Hoc|ARM.ActiveCfg = Release|ARM
		{3A4CF024-38E0-4B9E-B021-FC405C8579B6}.Ad-Hoc|ARM.Build.0 = Release|ARM
		{3A4CF024-38E0-4B9E-B021-FC405C8579B6}.Ad-Hoc|ARM.Deploy.0 = Release|ARM
		{3A4CF024-38E0-4B9E-B021-FC405C8579B6}.Ad-Hoc|iPhone.ActiveCfg = Release|x86
		{3A4CF024-38E0-4B9E-B021-FC405C8579B6}.Ad-Hoc|iPhone.Build.0 = Release|x86
		{3A4CF024-38E0-4B9E-B021-FC405C8579B6}.Ad-Hoc|iPhone.Deploy.0 = Release|x86
		{3A4CF024-38E0-4B9E-B021-FC405C8579B6}.Ad-Hoc|iPhoneSimulator.ActiveCfg = Release|x86
		{3A4CF024-38E0-4B9E-B021-FC405C8579B6}.Ad-Hoc|iPhoneSimulator.Build.0 = Release|x86
		{3A4CF024-38E0-4B9E-B021-FC405C8579B6}.Ad-Hoc|iPhoneSimulator.Deploy.0 = Release|x86
		{3A4CF024-38E0-4B9E-B021-FC405C8579B6}.Ad-Hoc|x64.ActiveCfg = Release|x64
		{3A4CF024-38E0-4B9E-B021-FC405C8579B6}.Ad-Hoc|x64.Build.0 = Release|x64
		{3A4CF024-38E0-4B9E-B021-FC405C8579B6}.Ad-Hoc|x64.Deploy.0 = Release|x64
		{3A4CF024-38E0-4B9E-B021-FC405C8579B6}.Ad-Hoc|x86.ActiveCfg = Release|x86
		{3A4CF024-38E0-4B9E-B021-FC405C8579B6}.Ad-Hoc|x86.Build.0 = Release|x86
		{3A4CF024-38E0-4B9E-B021-FC405C8579B6}.Ad-Hoc|x86.Deploy.0 = Release|x86
		{3A4CF024-38E0-4B9E-B021-FC405C8579B6}.AppStore|Any CPU.ActiveCfg = Release|x86
		{3A4CF024-38E0-4B9E-B021-FC405C8579B6}.AppStore|Any CPU.Build.0 = Release|x86
		{3A4CF024-38E0-4B9E-B021-FC405C8579B6}.AppStore|Any CPU.Deploy.0 = Release|x86
		{3A4CF024-38E0-4B9E-B021-FC405C8579B6}.AppStore|ARM.ActiveCfg = Release|ARM
		{3A4CF024-38E0-4B9E-B021-FC405C8579B6}.AppStore|ARM.Build.0 = Release|ARM
		{3A4CF024-38E0-4B9E-B021-FC405C8579B6}.AppStore|ARM.Deploy.0 = Release|ARM
		{3A4CF024-38E0-4B9E-B021-FC405C8579B6}.AppStore|iPhone.ActiveCfg = Release|x86
		{3A4CF024-38E0-4B9E-B021-FC405C8579B6}.AppStore|iPhone.Build.0 = Release|x86
		{3A4CF024-38E0-4B9E-B021-FC405C8579B6}.AppStore|iPhone.Deploy.0 = Release|x86
		{3A4CF024-38E0-4B9E-B021-FC405C8579B6}.AppStore|iPhoneSimulator.ActiveCfg = Release|x86
		{3A4CF024-38E0-4B9E-B021-FC405C8579B6}.AppStore|iPhoneSimulator.Build.0 = Release|x86
		{3A4CF024-38E0-4B9E-B021-FC405C8579B6}.AppStore|iPhoneSimulator.Deploy.0 = Release|x86
		{3A4CF024-38E0-4B9E-B021-FC405C8579B6}.AppStore|x64.ActiveCfg = Release|x64
		{3A4CF024-38E0-4B9E-B021-FC405C8579B6}.AppStore|x64.Build.0 = Release|x64
		{3A4CF024-38E0-4B9E-B021-FC405C8579B6}.AppStore|x64.Deploy.0 = Release|x64
		{3A4CF024-38E0-4B9E-B021-FC405C8579B6}.AppStore|x86.ActiveCfg = Release|x86
		{3A4CF024-38E0-4B9E-B021-FC405C8579B6}.AppStore|x86.Build.0 = Release|x86
		{3A4CF024-38E0-4B9E-B021-FC405C8579B6}.AppStore|x86.Deploy.0 = Release|x86
		{3A4CF024-38E0-4B9E-B021-FC405C8579B6}.Debug|Any CPU.ActiveCfg = Debug|x86
		{3A4CF024-38E0-4B9E-B021-FC405C8579B6}.Debug|ARM.ActiveCfg = Debug|ARM
		{3A4CF024-38E0-4B9E-B021-FC405C8579B6}.Debug|ARM.Build.0 = Debug|ARM
		{3A4CF024-38E0-4B9E-B021-FC405C8579B6}.Debug|ARM.Deploy.0 = Debug|ARM
		{3A4CF024-38E0-4B9E-B021-FC405C8579B6}.Debug|iPhone.ActiveCfg = Debug|x86
		{3A4CF024-38E0-4B9E-B021-FC405C8579B6}.Debug|iPhoneSimulator.ActiveCfg = Debug|x86
		{3A4CF024-38E0-4B9E-B021-FC405C8579B6}.Debug|x64.ActiveCfg = Debug|x64
		{3A4CF024-38E0-4B9E-B021-FC405C8579B6}.Debug|x64.Build.0 = Debug|x64
		{3A4CF024-38E0-4B9E-B021-FC405C8579B6}.Debug|x64.Deploy.0 = Debug|x64
		{3A4CF024-38E0-4B9E-B021-FC405C8579B6}.Debug|x86.ActiveCfg = Debug|x86
		{3A4CF024-38E0-4B9E-B021-FC405C8579B6}.Debug|x86.Build.0 = Debug|x86
		{3A4CF024-38E0-4B9E-B021-FC405C8579B6}.Debug|x86.Deploy.0 = Debug|x86
		{3A4CF024-38E0-4B9E-B021-FC405C8579B6}.Release|Any CPU.ActiveCfg = Release|x86
		{3A4CF024-38E0-4B9E-B021-FC405C8579B6}.Release|ARM.ActiveCfg = Release|ARM
		{3A4CF024-38E0-4B9E-B021-FC405C8579B6}.Release|ARM.Build.0 = Release|ARM
		{3A4CF024-38E0-4B9E-B021-FC405C8579B6}.Release|ARM.Deploy.0 = Release|ARM
		{3A4CF024-38E0-4B9E-B021-FC405C8579B6}.Release|iPhone.ActiveCfg = Release|x86
		{3A4CF024-38E0-4B9E-B021-FC405C8579B6}.Release|iPhoneSimulator.ActiveCfg = Release|x86
		{3A4CF024-38E0-4B9E-B021-FC405C8579B6}.Release|x64.ActiveCfg = Release|x64
		{3A4CF024-38E0-4B9E-B021-FC405C8579B6}.Release|x64.Build.0 = Release|x64
		{3A4CF024-38E0-4B9E-B021-FC405C8579B6}.Release|x64.Deploy.0 = Release|x64
		{3A4CF024-38E0-4B9E-B021-FC405C8579B6}.Release|x86.ActiveCfg = Release|x86
		{3A4CF024-38E0-4B9E-B021-FC405C8579B6}.Release|x86.Build.0 = Release|x86
		{3A4CF024-38E0-4B9E-B021-FC405C8579B6}.Release|x86.Deploy.0 = Release|x86
		{1BD7AC3A-74F0-4776-9B20-96ACD2D7D59D}.Ad-Hoc|Any CPU.ActiveCfg = Release|Any CPU
		{1BD7AC3A-74F0-4776-9B20-96ACD2D7D59D}.Ad-Hoc|Any CPU.Build.0 = Release|Any CPU
		{1BD7AC3A-74F0-4776-9B20-96ACD2D7D59D}.Ad-Hoc|Any CPU.Deploy.0 = Release|Any CPU
		{1BD7AC3A-74F0-4776-9B20-96ACD2D7D59D}.Ad-Hoc|ARM.ActiveCfg = Release|ARM
		{1BD7AC3A-74F0-4776-9B20-96ACD2D7D59D}.Ad-Hoc|ARM.Build.0 = Release|ARM
		{1BD7AC3A-74F0-4776-9B20-96ACD2D7D59D}.Ad-Hoc|ARM.Deploy.0 = Release|ARM
		{1BD7AC3A-74F0-4776-9B20-96ACD2D7D59D}.Ad-Hoc|iPhone.ActiveCfg = Release|Any CPU
		{1BD7AC3A-74F0-4776-9B20-96ACD2D7D59D}.Ad-Hoc|iPhone.Build.0 = Release|Any CPU
		{1BD7AC3A-74F0-4776-9B20-96ACD2D7D59D}.Ad-Hoc|iPhone.Deploy.0 = Release|Any CPU
		{1BD7AC3A-74F0-4776-9B20-96ACD2D7D59D}.Ad-Hoc|iPhoneSimulator.ActiveCfg = Release|Any CPU
		{1BD7AC3A-74F0-4776-9B20-96ACD2D7D59D}.Ad-Hoc|iPhoneSimulator.Build.0 = Release|Any CPU
		{1BD7AC3A-74F0-4776-9B20-96ACD2D7D59D}.Ad-Hoc|iPhoneSimulator.Deploy.0 = Release|Any CPU
		{1BD7AC3A-74F0-4776-9B20-96ACD2D7D59D}.Ad-Hoc|x64.ActiveCfg = Release|x64
		{1BD7AC3A-74F0-4776-9B20-96ACD2D7D59D}.Ad-Hoc|x64.Build.0 = Release|x64
		{1BD7AC3A-74F0-4776-9B20-96ACD2D7D59D}.Ad-Hoc|x64.Deploy.0 = Release|x64
		{1BD7AC3A-74F0-4776-9B20-96ACD2D7D59D}.Ad-Hoc|x86.ActiveCfg = Release|x86
		{1BD7AC3A-74F0-4776-9B20-96ACD2D7D59D}.Ad-Hoc|x86.Build.0 = Release|x86
		{1BD7AC3A-74F0-4776-9B20-96ACD2D7D59D}.Ad-Hoc|x86.Deploy.0 = Release|x86
		{1BD7AC3A-74F0-4776-9B20-96ACD2D7D59D}.AppStore|Any CPU.ActiveCfg = Release|Any CPU
		{1BD7AC3A-74F0-4776-9B20-96ACD2D7D59D}.AppStore|Any CPU.Build.0 = Release|Any CPU
		{1BD7AC3A-74F0-4776-9B20-96ACD2D7D59D}.AppStore|Any CPU.Deploy.0 = Release|Any CPU
		{1BD7AC3A-74F0-4776-9B20-96ACD2D7D59D}.AppStore|ARM.ActiveCfg = Release|ARM
		{1BD7AC3A-74F0-4776-9B20-96ACD2D7D59D}.AppStore|ARM.Build.0 = Release|ARM
		{1BD7AC3A-74F0-4776-9B20-96ACD2D7D59D}.AppStore|ARM.Deploy.0 = Release|ARM
		{1BD7AC3A-74F0-4776-9B20-96ACD2D7D59D}.AppStore|iPhone.ActiveCfg = Release|Any CPU
		{1BD7AC3A-74F0-4776-9B20-96ACD2D7D59D}.AppStore|iPhone.Build.0 = Release|Any CPU
		{1BD7AC3A-74F0-4776-9B20-96ACD2D7D59D}.AppStore|iPhone.Deploy.0 = Release|Any CPU
		{1BD7AC3A-74F0-4776-9B20-96ACD2D7D59D}.AppStore|iPhoneSimulator.ActiveCfg = Release|Any CPU
		{1BD7AC3A-74F0-4776-9B20-96ACD2D7D59D}.AppStore|iPhoneSimulator.Build.0 = Release|Any CPU
		{1BD7AC3A-74F0-4776-9B20-96ACD2D7D59D}.AppStore|iPhoneSimulator.Deploy.0 = Release|Any CPU
		{1BD7AC3A-74F0-4776-9B20-96ACD2D7D59D}.AppStore|x64.ActiveCfg = Release|x64
		{1BD7AC3A-74F0-4776-9B20-96ACD2D7D59D}.AppStore|x64.Build.0 = Release|x64
		{1BD7AC3A-74F0-4776-9B20-96ACD2D7D59D}.AppStore|x64.Deploy.0 = Release|x64
		{1BD7AC3A-74F0-4776-9B20-96ACD2D7D59D}.AppStore|x86.ActiveCfg = Release|x86
		{1BD7AC3A-74F0-4776-9B20-96ACD2D7D59D}.AppStore|x86.Build.0 = Release|x86
		{1BD7AC3A-74F0-4776-9B20-96ACD2D7D59D}.AppStore|x86.Deploy.0 = Release|x86
		{1BD7AC3A-74F0-4776-9B20-96ACD2D7D59D}.Debug|Any CPU.ActiveCfg = Debug|Any CPU
		{1BD7AC3A-74F0-4776-9B20-96ACD2D7D59D}.Debug|Any CPU.Build.0 = Debug|Any CPU
		{1BD7AC3A-74F0-4776-9B20-96ACD2D7D59D}.Debug|Any CPU.Deploy.0 = Debug|Any CPU
		{1BD7AC3A-74F0-4776-9B20-96ACD2D7D59D}.Debug|ARM.ActiveCfg = Debug|ARM
		{1BD7AC3A-74F0-4776-9B20-96ACD2D7D59D}.Debug|ARM.Build.0 = Debug|ARM
		{1BD7AC3A-74F0-4776-9B20-96ACD2D7D59D}.Debug|ARM.Deploy.0 = Debug|ARM
		{1BD7AC3A-74F0-4776-9B20-96ACD2D7D59D}.Debug|iPhone.ActiveCfg = Debug|Any CPU
		{1BD7AC3A-74F0-4776-9B20-96ACD2D7D59D}.Debug|iPhone.Build.0 = Debug|Any CPU
		{1BD7AC3A-74F0-4776-9B20-96ACD2D7D59D}.Debug|iPhone.Deploy.0 = Debug|Any CPU
		{1BD7AC3A-74F0-4776-9B20-96ACD2D7D59D}.Debug|iPhoneSimulator.ActiveCfg = Debug|Any CPU
		{1BD7AC3A-74F0-4776-9B20-96ACD2D7D59D}.Debug|iPhoneSimulator.Build.0 = Debug|Any CPU
		{1BD7AC3A-74F0-4776-9B20-96ACD2D7D59D}.Debug|iPhoneSimulator.Deploy.0 = Debug|Any CPU
		{1BD7AC3A-74F0-4776-9B20-96ACD2D7D59D}.Debug|x64.ActiveCfg = Debug|x64
		{1BD7AC3A-74F0-4776-9B20-96ACD2D7D59D}.Debug|x64.Build.0 = Debug|x64
		{1BD7AC3A-74F0-4776-9B20-96ACD2D7D59D}.Debug|x64.Deploy.0 = Debug|x64
		{1BD7AC3A-74F0-4776-9B20-96ACD2D7D59D}.Debug|x86.ActiveCfg = Debug|x86
		{1BD7AC3A-74F0-4776-9B20-96ACD2D7D59D}.Debug|x86.Build.0 = Debug|x86
		{1BD7AC3A-74F0-4776-9B20-96ACD2D7D59D}.Debug|x86.Deploy.0 = Debug|x86
		{1BD7AC3A-74F0-4776-9B20-96ACD2D7D59D}.Release|Any CPU.ActiveCfg = Release|Any CPU
		{1BD7AC3A-74F0-4776-9B20-96ACD2D7D59D}.Release|Any CPU.Build.0 = Release|Any CPU
		{1BD7AC3A-74F0-4776-9B20-96ACD2D7D59D}.Release|Any CPU.Deploy.0 = Release|Any CPU
		{1BD7AC3A-74F0-4776-9B20-96ACD2D7D59D}.Release|ARM.ActiveCfg = Release|ARM
		{1BD7AC3A-74F0-4776-9B20-96ACD2D7D59D}.Release|ARM.Build.0 = Release|ARM
		{1BD7AC3A-74F0-4776-9B20-96ACD2D7D59D}.Release|ARM.Deploy.0 = Release|ARM
		{1BD7AC3A-74F0-4776-9B20-96ACD2D7D59D}.Release|iPhone.ActiveCfg = Release|Any CPU
		{1BD7AC3A-74F0-4776-9B20-96ACD2D7D59D}.Release|iPhone.Build.0 = Release|Any CPU
		{1BD7AC3A-74F0-4776-9B20-96ACD2D7D59D}.Release|iPhone.Deploy.0 = Release|Any CPU
		{1BD7AC3A-74F0-4776-9B20-96ACD2D7D59D}.Release|iPhoneSimulator.ActiveCfg = Release|Any CPU
		{1BD7AC3A-74F0-4776-9B20-96ACD2D7D59D}.Release|iPhoneSimulator.Build.0 = Release|Any CPU
		{1BD7AC3A-74F0-4776-9B20-96ACD2D7D59D}.Release|iPhoneSimulator.Deploy.0 = Release|Any CPU
		{1BD7AC3A-74F0-4776-9B20-96ACD2D7D59D}.Release|x64.ActiveCfg = Release|x64
		{1BD7AC3A-74F0-4776-9B20-96ACD2D7D59D}.Release|x64.Build.0 = Release|x64
		{1BD7AC3A-74F0-4776-9B20-96ACD2D7D59D}.Release|x64.Deploy.0 = Release|x64
		{1BD7AC3A-74F0-4776-9B20-96ACD2D7D59D}.Release|x86.ActiveCfg = Release|x86
		{1BD7AC3A-74F0-4776-9B20-96ACD2D7D59D}.Release|x86.Build.0 = Release|x86
		{1BD7AC3A-74F0-4776-9B20-96ACD2D7D59D}.Release|x86.Deploy.0 = Release|x86
		{0E36E9DC-6718-40AC-8A0A-3FB04CC0F18F}.Ad-Hoc|Any CPU.ActiveCfg = Release|Any CPU
		{0E36E9DC-6718-40AC-8A0A-3FB04CC0F18F}.Ad-Hoc|Any CPU.Build.0 = Release|Any CPU
		{0E36E9DC-6718-40AC-8A0A-3FB04CC0F18F}.Ad-Hoc|ARM.ActiveCfg = Release|Any CPU
		{0E36E9DC-6718-40AC-8A0A-3FB04CC0F18F}.Ad-Hoc|ARM.Build.0 = Release|Any CPU
		{0E36E9DC-6718-40AC-8A0A-3FB04CC0F18F}.Ad-Hoc|iPhone.ActiveCfg = Release|Any CPU
		{0E36E9DC-6718-40AC-8A0A-3FB04CC0F18F}.Ad-Hoc|iPhone.Build.0 = Release|Any CPU
		{0E36E9DC-6718-40AC-8A0A-3FB04CC0F18F}.Ad-Hoc|iPhoneSimulator.ActiveCfg = Release|Any CPU
		{0E36E9DC-6718-40AC-8A0A-3FB04CC0F18F}.Ad-Hoc|iPhoneSimulator.Build.0 = Release|Any CPU
		{0E36E9DC-6718-40AC-8A0A-3FB04CC0F18F}.Ad-Hoc|x64.ActiveCfg = Release|Any CPU
		{0E36E9DC-6718-40AC-8A0A-3FB04CC0F18F}.Ad-Hoc|x64.Build.0 = Release|Any CPU
		{0E36E9DC-6718-40AC-8A0A-3FB04CC0F18F}.Ad-Hoc|x86.ActiveCfg = Release|Any CPU
		{0E36E9DC-6718-40AC-8A0A-3FB04CC0F18F}.Ad-Hoc|x86.Build.0 = Release|Any CPU
		{0E36E9DC-6718-40AC-8A0A-3FB04CC0F18F}.AppStore|Any CPU.ActiveCfg = Release|Any CPU
		{0E36E9DC-6718-40AC-8A0A-3FB04CC0F18F}.AppStore|Any CPU.Build.0 = Release|Any CPU
		{0E36E9DC-6718-40AC-8A0A-3FB04CC0F18F}.AppStore|ARM.ActiveCfg = Release|Any CPU
		{0E36E9DC-6718-40AC-8A0A-3FB04CC0F18F}.AppStore|ARM.Build.0 = Release|Any CPU
		{0E36E9DC-6718-40AC-8A0A-3FB04CC0F18F}.AppStore|iPhone.ActiveCfg = Release|Any CPU
		{0E36E9DC-6718-40AC-8A0A-3FB04CC0F18F}.AppStore|iPhone.Build.0 = Release|Any CPU
		{0E36E9DC-6718-40AC-8A0A-3FB04CC0F18F}.AppStore|iPhoneSimulator.ActiveCfg = Release|Any CPU
		{0E36E9DC-6718-40AC-8A0A-3FB04CC0F18F}.AppStore|iPhoneSimulator.Build.0 = Release|Any CPU
		{0E36E9DC-6718-40AC-8A0A-3FB04CC0F18F}.AppStore|x64.ActiveCfg = Release|Any CPU
		{0E36E9DC-6718-40AC-8A0A-3FB04CC0F18F}.AppStore|x64.Build.0 = Release|Any CPU
		{0E36E9DC-6718-40AC-8A0A-3FB04CC0F18F}.AppStore|x86.ActiveCfg = Release|Any CPU
		{0E36E9DC-6718-40AC-8A0A-3FB04CC0F18F}.AppStore|x86.Build.0 = Release|Any CPU
		{0E36E9DC-6718-40AC-8A0A-3FB04CC0F18F}.Debug|Any CPU.ActiveCfg = Debug|Any CPU
		{0E36E9DC-6718-40AC-8A0A-3FB04CC0F18F}.Debug|Any CPU.Build.0 = Debug|Any CPU
		{0E36E9DC-6718-40AC-8A0A-3FB04CC0F18F}.Debug|ARM.ActiveCfg = Debug|Any CPU
		{0E36E9DC-6718-40AC-8A0A-3FB04CC0F18F}.Debug|ARM.Build.0 = Debug|Any CPU
		{0E36E9DC-6718-40AC-8A0A-3FB04CC0F18F}.Debug|iPhone.ActiveCfg = Debug|Any CPU
		{0E36E9DC-6718-40AC-8A0A-3FB04CC0F18F}.Debug|iPhone.Build.0 = Debug|Any CPU
		{0E36E9DC-6718-40AC-8A0A-3FB04CC0F18F}.Debug|iPhoneSimulator.ActiveCfg = Debug|Any CPU
		{0E36E9DC-6718-40AC-8A0A-3FB04CC0F18F}.Debug|iPhoneSimulator.Build.0 = Debug|Any CPU
		{0E36E9DC-6718-40AC-8A0A-3FB04CC0F18F}.Debug|x64.ActiveCfg = Debug|Any CPU
		{0E36E9DC-6718-40AC-8A0A-3FB04CC0F18F}.Debug|x64.Build.0 = Debug|Any CPU
		{0E36E9DC-6718-40AC-8A0A-3FB04CC0F18F}.Debug|x86.ActiveCfg = Debug|Any CPU
		{0E36E9DC-6718-40AC-8A0A-3FB04CC0F18F}.Debug|x86.Build.0 = Debug|Any CPU
		{0E36E9DC-6718-40AC-8A0A-3FB04CC0F18F}.Release|Any CPU.ActiveCfg = Release|Any CPU
		{0E36E9DC-6718-40AC-8A0A-3FB04CC0F18F}.Release|Any CPU.Build.0 = Release|Any CPU
		{0E36E9DC-6718-40AC-8A0A-3FB04CC0F18F}.Release|ARM.ActiveCfg = Release|Any CPU
		{0E36E9DC-6718-40AC-8A0A-3FB04CC0F18F}.Release|ARM.Build.0 = Release|Any CPU
		{0E36E9DC-6718-40AC-8A0A-3FB04CC0F18F}.Release|iPhone.ActiveCfg = Release|Any CPU
		{0E36E9DC-6718-40AC-8A0A-3FB04CC0F18F}.Release|iPhone.Build.0 = Release|Any CPU
		{0E36E9DC-6718-40AC-8A0A-3FB04CC0F18F}.Release|iPhoneSimulator.ActiveCfg = Release|Any CPU
		{0E36E9DC-6718-40AC-8A0A-3FB04CC0F18F}.Release|iPhoneSimulator.Build.0 = Release|Any CPU
		{0E36E9DC-6718-40AC-8A0A-3FB04CC0F18F}.Release|x64.ActiveCfg = Release|Any CPU
		{0E36E9DC-6718-40AC-8A0A-3FB04CC0F18F}.Release|x64.Build.0 = Release|Any CPU
		{0E36E9DC-6718-40AC-8A0A-3FB04CC0F18F}.Release|x86.ActiveCfg = Release|Any CPU
		{0E36E9DC-6718-40AC-8A0A-3FB04CC0F18F}.Release|x86.Build.0 = Release|Any CPU
	EndGlobalSection
	GlobalSection(SolutionProperties) = preSolution
		HideSolutionNode = FALSE
	EndGlobalSection
EndGlobal
